# THIS IS AN AUTOGENERATED FILE. DO NOT EDIT THIS FILE DIRECTLY.
# yarn lockfile v1


minimist@^1.2.6:
  version "1.2.6"
  resolved "https://registry.yarnpkg.com/minimist/-/minimist-1.2.6.tgz#8637a5b759ea0d6e98702cfb3a9283323c93af44"
  integrity sha512-Jsjnk4bw3YJqYzbdyBiNsPWHPfO++UGG749Cxs6peCu5Xg4nrena6OVxOYxrQTqww0Jmwt+Ref8rggumkTLz9Q==

num-words@^1.2.2:
  version "1.2.2"
  resolved "https://registry.yarnpkg.com/num-words/-/num-words-1.2.2.tgz#3e19672955cd7b604c217f3b1f5ae043bb994834"
  integrity sha512-9OrwYwBDosGA46MBeRSioU+9qpqWDDWKvl7xfIuJh1J02zw9trnYHQE+HA8KEfoUqTqK6fGAGf0LSwpZ7HrXKA==

rubles@^0.2.0:
  version "0.2.0"
  resolved "https://registry.yarnpkg.com/rubles/-/rubles-0.2.0.tgz#484a59cbba411005af9c80e9bc9f698eb295caa2"
  integrity sha1-SEpZy7pBEAWvnIDpvJ9pjrKVyqI=
